{
  "name": "fs-man",
  "version": "0.0.1",
  "lockfileVersion": 2,
  "requires": true,
  "packages": {
    "": {
      "name": "fs-man",
      "version": "0.0.1",
      "license": "MIT",
      "dependencies": {
        "winattr": "^3.0.0"
      },
      "engines": {
        "node": ">=12.0.0"
      }
    },
    "node_modules/fswin": {
      "version": "3.21.1015",
      "resolved": "https://registry.npmjs.org/fswin/-/fswin-3.21.1015.tgz",
      "integrity": "sha512-aInTCya2B/9watMEaG3ZEdTyIHDUIy7ck02xONKIYULVCj6cqJTfxm6ndwWFkBoyyofKgPXW8LKj3uUtZ3qpuQ==",
      "engines": {
        "node": ">= 8.0"
      }
    },
    "node_modules/winattr": {
      "version": "3.0.0",
      "resolved": "https://registry.npmjs.org/winattr/-/winattr-3.0.0.tgz",
      "integrity": "sha512-dt33rYsTYcGbB+I1ubB6ZLODibRSCW//TgY/SuajLllR9kHnHnbUMqnXIe0osYsXUdRLGs770zb3t9z/ScGUpw==",
      "dependencies": {
        "fswin": "^3.18.918"
      },
      "engines": {
        "node": ">= 8"
      }
    }
  },
  "dependencies": {
    "fswin": {
      "version": "3.21.1015",
      "resolved": "https://registry.npmjs.org/fswin/-/fswin-3.21.1015.tgz",
      "integrity": "sha512-aInTCya2B/9watMEaG3ZEdTyIHDUIy7ck02xONKIYULVCj6cqJTfxm6ndwWFkBoyyofKgPXW8LKj3uUtZ3qpuQ=="
    },
    "winattr": {
      "version": "3.0.0",
      "resolved": "https://registry.npmjs.org/winattr/-/winattr-3.0.0.tgz",
      "integrity": "sha512-dt33rYsTYcGbB+I1ubB6ZLODibRSCW//TgY/SuajLllR9kHnHnbUMqnXIe0osYsXUdRLGs770zb3t9z/ScGUpw==",
      "requires": {
        "fswin": "^3.18.918"
      }
    }
  }
}
